
Microsoft Visual Studio Solution File, Format Version 12.00
# Visual Studio Version 16
VisualStudioVersion = 16.0.31129.286
MinimumVisualStudioVersion = 10.0.40219.1
Project("{9A19103F-16F7-4668-BE54-9A1E7A4F7556}") = "grpc-client", "grpc-client\grpc-client.csproj", "{1604351F-67E7-4C4D-BB63-B4461FF78B77}"
EndProject
Project("{9A19103F-16F7-4668-BE54-9A1E7A4F7556}") = "grpc-server", "..\grpc-server\grpc-server.csproj", "{6F027E9F-F8DB-4DDE-AE1D-23F16F7D7CD8}"
EndProject
Project("{FAE04EC0-301F-11D3-BF4B-00C04F79EFBC}") = "grpcDemo", "..\grpcDemo\grpcDemo.csproj", "{E2F332E2-1DAE-4B4A-B094-8035F25D29BA}"
EndProject
Global
	GlobalSection(SolutionConfigurationPlatforms) = preSolution
		Debug|Any CPU = Debug|Any CPU
		Release|Any CPU = Release|Any CPU
	EndGlobalSection
	GlobalSection(ProjectConfigurationPlatforms) = postSolution
		{1604351F-67E7-4C4D-BB63-B4461FF78B77}.Debug|Any CPU.ActiveCfg = Debug|Any CPU
		{1604351F-67E7-4C4D-BB63-B4461FF78B77}.Debug|Any CPU.Build.0 = Debug|Any CPU
		{1604351F-67E7-4C4D-BB63-B4461FF78B77}.Release|Any CPU.ActiveCfg = Release|Any CPU
		{1604351F-67E7-4C4D-BB63-B4461FF78B77}.Release|Any CPU.Build.0 = Release|Any CPU
		{6F027E9F-F8DB-4DDE-AE1D-23F16F7D7CD8}.Debug|Any CPU.ActiveCfg = Debug|Any CPU
		{6F027E9F-F8DB-4DDE-AE1D-23F16F7D7CD8}.Debug|Any CPU.Build.0 = Debug|Any CPU
		{6F027E9F-F8DB-4DDE-AE1D-23F16F7D7CD8}.Release|Any CPU.ActiveCfg = Release|Any CPU
		{6F027E9F-F8DB-4DDE-AE1D-23F16F7D7CD8}.Release|Any CPU.Build.0 = Release|Any CPU
		{E2F332E2-1DAE-4B4A-B094-8035F25D29BA}.Debug|Any CPU.ActiveCfg = Debug|Any CPU
		{E2F332E2-1DAE-4B4A-B094-8035F25D29BA}.Debug|Any CPU.Build.0 = Debug|Any CPU
		{E2F332E2-1DAE-4B4A-B094-8035F25D29BA}.Release|Any CPU.ActiveCfg = Release|Any CPU
		{E2F332E2-1DAE-4B4A-B094-8035F25D29BA}.Release|Any CPU.Build.0 = Release|Any CPU
	EndGlobalSection
	GlobalSection(SolutionProperties) = preSolution
		HideSolutionNode = FALSE
	EndGlobalSection
	GlobalSection(ExtensibilityGlobals) = postSolution
		SolutionGuid = {DDDDF30C-449A-4435-88E9-417D3E364D1C}
	EndGlobalSection
EndGlobal
